
Microsoft Visual Studio Solution File, Format Version 12.00
# Visual Studio 2013
VisualStudioVersion = 12.0.30723.0
MinimumVisualStudioVersion = 10.0.40219.1
Project("{2150E333-8FDC-42A3-9474-1A3956D46DE8}") = "Web", "Web", "{F7751325-5678-49EF-B159-388695D09654}"
EndProject
Project("{2150E333-8FDC-42A3-9474-1A3956D46DE8}") = "Data", "Data", "{225A3368-F094-4D9B-96E6-9F044A465E6F}"
EndProject
Project("{FAE04EC0-301F-11D3-BF4B-00C04F79EFBC}") = "FreeRiders.Web", "FreeRiders.Web\FreeRiders.Web.csproj", "{C9325EB8-0413-42DA-A621-F78FEE12EEBB}"
EndProject
Project("{FAE04EC0-301F-11D3-BF4B-00C04F79EFBC}") = "FreeRiders.Models", "FreeRiders.Models\FreeRiders.Models.csproj", "{6233A92A-730C-4ED6-B757-0C59A7972ED2}"
EndProject
Project("{FAE04EC0-301F-11D3-BF4B-00C04F79EFBC}") = "FreeRiders.Data", "FreeRiders.Data\FreeRiders.Data.csproj", "{6E039034-F703-4623-A56C-110998213FC7}"
EndProject
Project("{2150E333-8FDC-42A3-9474-1A3956D46DE8}") = "Console", "Console", "{07180929-5726-413A-8704-56E0D7BA4E45}"
EndProject
Project("{FAE04EC0-301F-11D3-BF4B-00C04F79EFBC}") = "TestingStuffBeforeAdding", "TestingStuffBeforeAdding\TestingStuffBeforeAdding.csproj", "{4171695C-7F76-49CE-A1A8-53FE045C5E05}"
EndProject
Project("{FAE04EC0-301F-11D3-BF4B-00C04F79EFBC}") = "FreeRiders.Web.Infrastructure", "FreeRiders.Web.Infrastructure\FreeRiders.Web.Infrastructure.csproj", "{D43F730F-E672-4208-86AC-AB406CED5BF3}"
EndProject
Project("{FAE04EC0-301F-11D3-BF4B-00C04F79EFBC}") = "FreeRiders.Web.Tests", "FreeRiders.Web.Tests\FreeRiders.Web.Tests.csproj", "{E970E25A-DB5C-4242-9891-83A9CE4E721D}"
EndProject
Project("{FAE04EC0-301F-11D3-BF4B-00C04F79EFBC}") = "FreeRiders.Data.Common", "FreeRiders.Data.Common\FreeRiders.Data.Common.csproj", "{99100DF0-FCAC-4785-8A08-C0F1DA676131}"
EndProject
Global
	GlobalSection(SolutionConfigurationPlatforms) = preSolution
		Debug|Any CPU = Debug|Any CPU
		Release|Any CPU = Release|Any CPU
	EndGlobalSection
	GlobalSection(ProjectConfigurationPlatforms) = postSolution
		{C9325EB8-0413-42DA-A621-F78FEE12EEBB}.Debug|Any CPU.ActiveCfg = Debug|Any CPU
		{C9325EB8-0413-42DA-A621-F78FEE12EEBB}.Debug|Any CPU.Build.0 = Debug|Any CPU
		{C9325EB8-0413-42DA-A621-F78FEE12EEBB}.Release|Any CPU.ActiveCfg = Release|Any CPU
		{C9325EB8-0413-42DA-A621-F78FEE12EEBB}.Release|Any CPU.Build.0 = Release|Any CPU
		{6233A92A-730C-4ED6-B757-0C59A7972ED2}.Debug|Any CPU.ActiveCfg = Debug|Any CPU
		{6233A92A-730C-4ED6-B757-0C59A7972ED2}.Debug|Any CPU.Build.0 = Debug|Any CPU
		{6233A92A-730C-4ED6-B757-0C59A7972ED2}.Release|Any CPU.ActiveCfg = Release|Any CPU
		{6233A92A-730C-4ED6-B757-0C59A7972ED2}.Release|Any CPU.Build.0 = Release|Any CPU
		{6E039034-F703-4623-A56C-110998213FC7}.Debug|Any CPU.ActiveCfg = Debug|Any CPU
		{6E039034-F703-4623-A56C-110998213FC7}.Debug|Any CPU.Build.0 = Debug|Any CPU
		{6E039034-F703-4623-A56C-110998213FC7}.Release|Any CPU.ActiveCfg = Release|Any CPU
		{6E039034-F703-4623-A56C-110998213FC7}.Release|Any CPU.Build.0 = Release|Any CPU
		{4171695C-7F76-49CE-A1A8-53FE045C5E05}.Debug|Any CPU.ActiveCfg = Debug|Any CPU
		{4171695C-7F76-49CE-A1A8-53FE045C5E05}.Debug|Any CPU.Build.0 = Debug|Any CPU
		{4171695C-7F76-49CE-A1A8-53FE045C5E05}.Release|Any CPU.ActiveCfg = Release|Any CPU
		{4171695C-7F76-49CE-A1A8-53FE045C5E05}.Release|Any CPU.Build.0 = Release|Any CPU
		{D43F730F-E672-4208-86AC-AB406CED5BF3}.Debug|Any CPU.ActiveCfg = Debug|Any CPU
		{D43F730F-E672-4208-86AC-AB406CED5BF3}.Debug|Any CPU.Build.0 = Debug|Any CPU
		{D43F730F-E672-4208-86AC-AB406CED5BF3}.Release|Any CPU.ActiveCfg = Release|Any CPU
		{D43F730F-E672-4208-86AC-AB406CED5BF3}.Release|Any CPU.Build.0 = Release|Any CPU
		{E970E25A-DB5C-4242-9891-83A9CE4E721D}.Debug|Any CPU.ActiveCfg = Debug|Any CPU
		{E970E25A-DB5C-4242-9891-83A9CE4E721D}.Debug|Any CPU.Build.0 = Debug|Any CPU
		{E970E25A-DB5C-4242-9891-83A9CE4E721D}.Release|Any CPU.ActiveCfg = Release|Any CPU
		{E970E25A-DB5C-4242-9891-83A9CE4E721D}.Release|Any CPU.Build.0 = Release|Any CPU
		{99100DF0-FCAC-4785-8A08-C0F1DA676131}.Debug|Any CPU.ActiveCfg = Debug|Any CPU
		{99100DF0-FCAC-4785-8A08-C0F1DA676131}.Debug|Any CPU.Build.0 = Debug|Any CPU
		{99100DF0-FCAC-4785-8A08-C0F1DA676131}.Release|Any CPU.ActiveCfg = Release|Any CPU
		{99100DF0-FCAC-4785-8A08-C0F1DA676131}.Release|Any CPU.Build.0 = Release|Any CPU
	EndGlobalSection
	GlobalSection(SolutionProperties) = preSolution
		HideSolutionNode = FALSE
	EndGlobalSection
	GlobalSection(NestedProjects) = preSolution
		{C9325EB8-0413-42DA-A621-F78FEE12EEBB} = {F7751325-5678-49EF-B159-388695D09654}
		{6233A92A-730C-4ED6-B757-0C59A7972ED2} = {225A3368-F094-4D9B-96E6-9F044A465E6F}
		{6E039034-F703-4623-A56C-110998213FC7} = {225A3368-F094-4D9B-96E6-9F044A465E6F}
		{4171695C-7F76-49CE-A1A8-53FE045C5E05} = {07180929-5726-413A-8704-56E0D7BA4E45}
		{D43F730F-E672-4208-86AC-AB406CED5BF3} = {F7751325-5678-49EF-B159-388695D09654}
		{E970E25A-DB5C-4242-9891-83A9CE4E721D} = {F7751325-5678-49EF-B159-388695D09654}
		{99100DF0-FCAC-4785-8A08-C0F1DA676131} = {225A3368-F094-4D9B-96E6-9F044A465E6F}
	EndGlobalSection
EndGlobal
